
Microsoft Visual Studio Solution File, Format Version 12.00
# Visual Studio Version 17
VisualStudioVersion = 17.4.33403.182
MinimumVisualStudioVersion = 10.0.40219.1
Project("{FAE04EC0-301F-11D3-BF4B-00C04F79EFBC}") = "Spliter", "Spliter\Spliter.csproj", "{6F4B903C-2E78-497F-A23A-E5D8A9E591EB}"
EndProject
Global
	GlobalSection(SolutionConfigurationPlatforms) = preSolution
		Debug|Any CPU = Debug|Any CPU
		Release|Any CPU = Release|Any CPU
	EndGlobalSection
	GlobalSection(ProjectConfigurationPlatforms) = postSolution
		{6F4B903C-2E78-497F-A23A-E5D8A9E591EB}.Debug|Any CPU.ActiveCfg = Debug|Any CPU
		{6F4B903C-2E78-497F-A23A-E5D8A9E591EB}.Debug|Any CPU.Build.0 = Debug|Any CPU
		{6F4B903C-2E78-497F-A23A-E5D8A9E591EB}.Release|Any CPU.ActiveCfg = Release|Any CPU
		{6F4B903C-2E78-497F-A23A-E5D8A9E591EB}.Release|Any CPU.Build.0 = Release|Any CPU
	EndGlobalSection
	GlobalSection(SolutionProperties) = preSolution
		HideSolutionNode = FALSE
	EndGlobalSection
	GlobalSection(ExtensibilityGlobals) = postSolution
		SolutionGuid = {9C52C998-C664-4DC6-A8FA-C846366716BB}
	EndGlobalSection
EndGlobal
